{
  "name": "unified-playground",
  "version": "1.0.0",
  "lockfileVersion": 1,
  "requires": true,
  "dependencies": {
    "@agentofuser/rehype-section": {
      "version": "1.0.5",
      "resolved": "https://registry.npmjs.org/@agentofuser/rehype-section/-/rehype-section-1.0.5.tgz",
      "integrity": "sha512-irw8QyzS6mAtKHrMTaubaiG0/pxY/8u09kXz2GQkAf8RSDqW+50d/H8SJuzzZbIt52cIJr+fvHtqxzM4VSaa3w==",
      "requires": {
        "hast-util-heading": "^1.0.3",
        "hastscript": "^5.1.0"
      }
    },
    "@types/unist": {
      "version": "2.0.3",
      "resolved": "https://registry.npmjs.org/@types/unist/-/unist-2.0.3.tgz",
      "integrity": "sha512-FvUupuM3rlRsRtCN+fDudtmytGO6iHJuuRKS1Ss0pG5z8oX0diNEw94UEL7hgDbpN94rgaK5R7sWm6RrSkZuAQ=="
    },
    "ansi-regex": {
      "version": "4.1.1",
      "resolved": "https://registry.npmjs.org/ansi-regex/-/ansi-regex-4.1.1.tgz",
      "integrity": "sha512-ILlv4k/3f6vfQ4OoP2AGvirOktlQ98ZEL1k9FaQjxa3L1abBgbuTDAdPOpvbGncC0BTVQrl+OM8xZGK6tWXt7g=="
    },
    "array-iterate": {
      "version": "1.1.3",
      "resolved": "https://registry.npmjs.org/array-iterate/-/array-iterate-1.1.3.tgz",
      "integrity": "sha512-7MIv7HE9MuzfK6B2UnWv07oSHBLOaY1UUXAxZ07bIeRM+4IkPTlveMDs9MY//qvxPZPSvCn2XV4bmtQgSkVodg=="
    },
    "bail": {
      "version": "1.0.4",
      "resolved": "https://registry.npmjs.org/bail/-/bail-1.0.4.tgz",
      "integrity": "sha512-S8vuDB4w6YpRhICUDET3guPlQpaJl7od94tpZ0Fvnyp+MKW/HyDTcRDck+29C9g+d/qQHnddRH3+94kZdrW0Ww=="
    },
    "ccount": {
      "version": "1.0.4",
      "resolved": "https://registry.npmjs.org/ccount/-/ccount-1.0.4.tgz",
      "integrity": "sha512-fpZ81yYfzentuieinmGnphk0pLkOTMm6MZdVqwd77ROvhko6iujLNGrHH5E7utq3ygWklwfmwuG+A7P+NpqT6w=="
    },
    "character-entities": {
      "version": "1.2.3",
      "resolved": "https://registry.npmjs.org/character-entities/-/character-entities-1.2.3.tgz",
      "integrity": "sha512-yB4oYSAa9yLcGyTbB4ItFwHw43QHdH129IJ5R+WvxOkWlyFnR5FAaBNnUq4mcxsTVZGh28bHoeTHMKXH1wZf3w=="
    },
    "character-entities-html4": {
      "version": "1.1.3",
      "resolved": "https://registry.npmjs.org/character-entities-html4/-/character-entities-html4-1.1.3.tgz",
      "integrity": "sha512-SwnyZ7jQBCRHELk9zf2CN5AnGEc2nA+uKMZLHvcqhpPprjkYhiLn0DywMHgN5ttFZuITMATbh68M6VIVKwJbcg=="
    },
    "character-entities-legacy": {
      "version": "1.1.3",
      "resolved": "https://registry.npmjs.org/character-entities-legacy/-/character-entities-legacy-1.1.3.tgz",
      "integrity": "sha512-YAxUpPoPwxYFsslbdKkhrGnXAtXoHNgYjlBM3WMXkWGTl5RsY3QmOyhwAgL8Nxm9l5LBThXGawxKPn68y6/fww=="
    },
    "character-reference-invalid": {
      "version": "1.1.3",
      "resolved": "https://registry.npmjs.org/character-reference-invalid/-/character-reference-invalid-1.1.3.tgz",
      "integrity": "sha512-VOq6PRzQBam/8Jm6XBGk2fNEnHXAdGd6go0rtd4weAGECBamHDwwCQSOT12TACIYUZegUXnV6xBXqUssijtxIg=="
    },
    "collapse-white-space": {
      "version": "1.0.5",
      "resolved": "https://registry.npmjs.org/collapse-white-space/-/collapse-white-space-1.0.5.tgz",
      "integrity": "sha512-703bOOmytCYAX9cXYqoikYIx6twmFCXsnzRQheBcTG3nzKYBR4P/+wkYeH+Mvj7qUz8zZDtdyzbxfnEi/kYzRQ=="
    },
    "comma-separated-tokens": {
      "version": "1.0.7",
      "resolved": "https://registry.npmjs.org/comma-separated-tokens/-/comma-separated-tokens-1.0.7.tgz",
      "integrity": "sha512-Jrx3xsP4pPv4AwJUDWY9wOXGtwPXARej6Xd99h4TUGotmf8APuquKMpK+dnD3UgyxK7OEWaisjZz+3b5jtL6xQ=="
    },
    "detab": {
      "version": "2.0.2",
      "resolved": "https://registry.npmjs.org/detab/-/detab-2.0.2.tgz",
      "integrity": "sha512-Q57yPrxScy816TTE1P/uLRXLDKjXhvYTbfxS/e6lPD+YrqghbsMlGB9nQzj/zVtSPaF0DFPSdO916EWO4sQUyQ==",
      "requires": {
        "repeat-string": "^1.5.4"
      }
    },
    "doctype": {
      "version": "2.0.3",
      "resolved": "https://registry.npmjs.org/doctype/-/doctype-2.0.3.tgz",
      "integrity": "sha512-e7TTDW7yJ3kRJIUdp/w2bkOI8QWVxer0lg0kuAYfM0jzquuL5ZJ0GVfUiIA63ec4mfeTz0vffuoM/jEPUb8v+w=="
    },
    "emoji-regex": {
      "version": "8.0.0",
      "resolved": "https://registry.npmjs.org/emoji-regex/-/emoji-regex-8.0.0.tgz",
      "integrity": "sha512-MSjYzcWNOA0ewAHpz0MxpYFvwg6yjy1NG3xteoqz644VCo/RPgnr1/GGt+ic3iJTzQ8Eu3TdM14SawnVUmGE6A=="
    },
    "extend": {
      "version": "3.0.2",
      "resolved": "https://registry.npmjs.org/extend/-/extend-3.0.2.tgz",
      "integrity": "sha512-fjquC59cD7CyW6urNXK0FBufkZcoiGG80wTuPujX590cB5Ttln20E2UB4S/WARVqhXffZl2LNgS+gQdPIIim/g=="
    },
    "fault": {
      "version": "1.0.3",
      "resolved": "https://registry.npmjs.org/fault/-/fault-1.0.3.tgz",
      "integrity": "sha512-sfFuP4X0hzrbGKjAUNXYvNqsZ5F6ohx/dZ9I0KQud/aiZNwg263r5L9yGB0clvXHCkzXh5W3t7RSHchggYIFmA==",
      "requires": {
        "format": "^0.2.2"
      }
    },
    "format": {
      "version": "0.2.2",
      "resolved": "https://registry.npmjs.org/format/-/format-0.2.2.tgz",
      "integrity": "sha1-1hcBB+nv3E7TDJ3DkBbflCtctYs="
    },
    "has-flag": {
      "version": "3.0.0",
      "resolved": "https://registry.npmjs.org/has-flag/-/has-flag-3.0.0.tgz",
      "integrity": "sha1-tdRU3CGZriJWmfNGfloH87lVuv0="
    },
    "hast-to-hyperscript": {
      "version": "7.0.3",
      "resolved": "https://registry.npmjs.org/hast-to-hyperscript/-/hast-to-hyperscript-7.0.3.tgz",
      "integrity": "sha512-h4t0U8KIImkFCXswj0IzRhPgps6GpLxyjSPfI4ECF+bE13sHu1fY/UP8tvJmfLNa6blQctiyba4pUsvm3WrXMg==",
      "requires": {
        "comma-separated-tokens": "^1.0.0",
        "property-information": "^5.3.0",
        "space-separated-tokens": "^1.0.0",
        "style-to-object": "^0.2.1",
        "unist-util-is": "^3.0.0",
        "web-namespaces": "^1.1.2"
      }
    },
    "hast-util-embedded": {
      "version": "1.0.4",
      "resolved": "https://registry.npmjs.org/hast-util-embedded/-/hast-util-embedded-1.0.4.tgz",
      "integrity": "sha512-kfCMiRzYPWx9I6KYdW5DCS+WM6xRmAtfrPd2yEG+5cuwquEh0Qh2sV7CX0tbdes/nmm2lBTGLURh0GmRb2txgQ==",
      "requires": {
        "hast-util-is-element": "^1.0.0"
      }
    },
    "hast-util-from-parse5": {
      "version": "5.0.1",
      "resolved": "https://registry.npmjs.org/hast-util-from-parse5/-/hast-util-from-parse5-5.0.1.tgz",
      "integrity": "sha512-UfPzdl6fbxGAxqGYNThRUhRlDYY7sXu6XU9nQeX4fFZtV+IHbyEJtd+DUuwOqNV4z3K05E/1rIkoVr/JHmeWWA==",
      "requires": {
        "ccount": "^1.0.3",
        "hastscript": "^5.0.0",
        "property-information": "^5.0.0",
        "web-namespaces": "^1.1.2",
        "xtend": "^4.0.1"
      }
    },
    "hast-util-has-property": {
      "version": "1.0.3",
      "resolved": "https://registry.npmjs.org/hast-util-has-property/-/hast-util-has-property-1.0.3.tgz",
      "integrity": "sha512-tT3ffSnrBu38RKnjn27n9vi+h/CUEXCQP5O2mriji4NNI2QNnhAqefjOg5ORAyvVfJItn0SC2Sx4CHReZSYh3g=="
    },
    "hast-util-heading": {
      "version": "1.0.3",
      "resolved": "https://registry.npmjs.org/hast-util-heading/-/hast-util-heading-1.0.3.tgz",
      "integrity": "sha512-RrZe5CFYZ5sdlWT6nt+I4cSPkFYPJjHzGLS7hWYld8SMAvzA97GgU42mvGguCJjOCNewx+XhMztg/qHYazcxqg==",
      "requires": {
        "hast-util-is-element": "^1.0.0"
      }
    },
    "hast-util-is-body-ok-link": {
      "version": "1.0.2",
      "resolved": "https://registry.npmjs.org/hast-util-is-body-ok-link/-/hast-util-is-body-ok-link-1.0.2.tgz",
      "integrity": "sha512-eSxO9rgtb7dfKxNa8NAFS3VEYWHXnJWVsoH/Z4jSsq1J2i4H1GkdJ43kXv++xuambrtI5XQwcAx6jeZVMjoBMQ==",
      "requires": {
        "hast-util-has-property": "^1.0.0",
        "hast-util-is-element": "^1.0.0"
      }
    },
    "hast-util-is-element": {
      "version": "1.0.3",
      "resolved": "https://registry.npmjs.org/hast-util-is-element/-/hast-util-is-element-1.0.3.tgz",
      "integrity": "sha512-C62CVn7jbjp89yOhhy7vrkSaB7Vk906Gtcw/Ihd+Iufnq+2pwOZjdPmpzpKLWJXPJBMDX3wXg4FqmdOayPcewA=="
    },
    "hast-util-parse-selector": {
      "version": "2.2.2",
      "resolved": "https://registry.npmjs.org/hast-util-parse-selector/-/hast-util-parse-selector-2.2.2.tgz",
      "integrity": "sha512-jIMtnzrLTjzqgVEQqPEmwEZV+ea4zHRFTP8Z2Utw0I5HuBOXHzUPPQWr6ouJdJqDKLbFU/OEiYwZ79LalZkmmw=="
    },
    "hast-util-phrasing": {
      "version": "1.0.4",
      "resolved": "https://registry.npmjs.org/hast-util-phrasing/-/hast-util-phrasing-1.0.4.tgz",
      "integrity": "sha512-3GlGZaR7X0brAHNB6TXY7tDzV1bFeSMptBlX0cgOMrw85dRSCF0A71TL83FgFk/oCvvBzeZQIHMIh/cOjnXioA==",
      "requires": {
        "hast-util-embedded": "^1.0.0",
        "hast-util-has-property": "^1.0.0",
        "hast-util-is-body-ok-link": "^1.0.0",
        "hast-util-is-element": "^1.0.0"
      }
    },
    "hast-util-raw": {
      "version": "5.0.1",
      "resolved": "https://registry.npmjs.org/hast-util-raw/-/hast-util-raw-5.0.1.tgz",
      "integrity": "sha512-iHo7G6BjRc/GU1Yun5CIEXjil0wVnIbz11C6k0JdDichSDMtYi2+NNtk6YN7EOP0JfPstX30d3pRLfaJv5CkdA==",
      "requires": {
        "hast-util-from-parse5": "^5.0.0",
        "hast-util-to-parse5": "^5.0.0",
        "html-void-elements": "^1.0.1",
        "parse5": "^5.0.0",
        "unist-util-position": "^3.0.0",
        "web-namespaces": "^1.0.0",
        "xtend": "^4.0.1",
        "zwitch": "^1.0.0"
      }
    },
    "hast-util-to-html": {
      "version": "6.0.2",
      "resolved": "https://registry.npmjs.org/hast-util-to-html/-/hast-util-to-html-6.0.2.tgz",
      "integrity": "sha512-oiQzGHtjT6ZLhszCY89kCxGCo9O+YuPUHluv36fzp7Hv/E1W4428PgzcQAKlPUzbHAt3ELoPCSrYLWl8fQw7Ag==",
      "requires": {
        "ccount": "^1.0.0",
        "comma-separated-tokens": "^1.0.1",
        "hast-util-is-element": "^1.0.0",
        "hast-util-whitespace": "^1.0.0",
        "html-void-elements": "^1.0.0",
        "property-information": "^5.2.0",
        "space-separated-tokens": "^1.0.0",
        "stringify-entities": "^2.0.0",
        "unist-util-is": "^3.0.0",
        "xtend": "^4.0.1"
      }
    },
    "hast-util-to-parse5": {
      "version": "5.1.1",
      "resolved": "https://registry.npmjs.org/hast-util-to-parse5/-/hast-util-to-parse5-5.1.1.tgz",
      "integrity": "sha512-ivCeAd5FCXr7bapJIVsWMnx/EmbjkkW2TU2hd1prq+jGwiaUoK+FcpjyPNwsC5ogzCwWO669tOqIovGeLc/ntg==",
      "requires": {
        "hast-to-hyperscript": "^7.0.0",
        "property-information": "^5.0.0",
        "web-namespaces": "^1.0.0",
        "xtend": "^4.0.1",
        "zwitch": "^1.0.0"
      }
    },
    "hast-util-to-text": {
      "version": "1.0.1",
      "resolved": "https://registry.npmjs.org/hast-util-to-text/-/hast-util-to-text-1.0.1.tgz",
      "integrity": "sha512-Xvp9fWiWVb4WaHc1E1g6dtyYlcVwyjRT0CC9oXtVUNhbmIB1gqRVBuBIFJgrFkYxdo+T3UIl5i5ipPGaPRnUOw==",
      "requires": {
        "hast-util-is-element": "^1.0.2",
        "repeat-string": "^1.6.1",
        "unist-util-find-after": "^2.0.3"
      }
    },
    "hast-util-whitespace": {
      "version": "1.0.3",
      "resolved": "https://registry.npmjs.org/hast-util-whitespace/-/hast-util-whitespace-1.0.3.tgz",
      "integrity": "sha512-AlkYiLTTwPOyxZ8axq2/bCwRUPjIPBfrHkXuCR92B38b3lSdU22R5F/Z4DL6a2kxWpekWq1w6Nj48tWat6GeRA=="
    },
    "hastscript": {
      "version": "5.1.0",
      "resolved": "https://registry.npmjs.org/hastscript/-/hastscript-5.1.0.tgz",
      "integrity": "sha512-7mOQX5VfVs/gmrOGlN8/EDfp1GqV6P3gTNVt+KnX4gbYhpASTM8bklFdFQCbFRAadURXAmw0R1QQdBdqp7jswQ==",
      "requires": {
        "comma-separated-tokens": "^1.0.0",
        "hast-util-parse-selector": "^2.2.0",
        "property-information": "^5.0.1",
        "space-separated-tokens": "^1.0.0"
      }
    },
    "highlight.js": {
      "version": "9.15.10",
      "resolved": "https://registry.npmjs.org/highlight.js/-/highlight.js-9.15.10.tgz",
      "integrity": "sha512-RoV7OkQm0T3os3Dd2VHLNMoaoDVx77Wygln3n9l5YV172XonWG6rgQD3XnF/BuFFZw9A0TJgmMSO8FEWQgvcXw=="
    },
    "html-void-elements": {
      "version": "1.0.4",
      "resolved": "https://registry.npmjs.org/html-void-elements/-/html-void-elements-1.0.4.tgz",
      "integrity": "sha512-yMk3naGPLrfvUV9TdDbuYXngh/TpHbA6TrOw3HL9kS8yhwx7i309BReNg7CbAJXGE+UMJ6je5OqJ7lC63o6YuQ=="
    },
    "html-whitespace-sensitive-tag-names": {
      "version": "1.0.1",
      "resolved": "https://registry.npmjs.org/html-whitespace-sensitive-tag-names/-/html-whitespace-sensitive-tag-names-1.0.1.tgz",
      "integrity": "sha512-TMdAWVry7Ld0k2sLqpHkWsFAHmU+VZZq/nR4bfwfxThD8q3ibhrpRTywyQkEiunYiZXmJ6gRcJiLbZm+jbQPgQ=="
    },
    "inherits": {
      "version": "2.0.4",
      "resolved": "https://registry.npmjs.org/inherits/-/inherits-2.0.4.tgz",
      "integrity": "sha512-k/vGaX4/Yla3WzyMCvTQOXYeIHvqOKtnqBduzTHpzpQZzAskKMhZ2K+EnBiSM9zGSoIFeMpXKxa4dYeZIQqewQ=="
    },
    "inline-style-parser": {
      "version": "0.1.1",
      "resolved": "https://registry.npmjs.org/inline-style-parser/-/inline-style-parser-0.1.1.tgz",
      "integrity": "sha512-7NXolsK4CAS5+xvdj5OMMbI962hU/wvwoxk+LWR9Ek9bVtyuuYScDN6eS0rUm6TxApFpw7CX1o4uJzcd4AyD3Q=="
    },
    "is-alphabetical": {
      "version": "1.0.3",
      "resolved": "https://registry.npmjs.org/is-alphabetical/-/is-alphabetical-1.0.3.tgz",
      "integrity": "sha512-eEMa6MKpHFzw38eKm56iNNi6GJ7lf6aLLio7Kr23sJPAECscgRtZvOBYybejWDQ2bM949Y++61PY+udzj5QMLA=="
    },
    "is-alphanumerical": {
      "version": "1.0.3",
      "resolved": "https://registry.npmjs.org/is-alphanumerical/-/is-alphanumerical-1.0.3.tgz",
      "integrity": "sha512-A1IGAPO5AW9vSh7omxIlOGwIqEvpW/TA+DksVOPM5ODuxKlZS09+TEM1E3275lJqO2oJ38vDpeAL3DCIiHE6eA==",
      "requires": {
        "is-alphabetical": "^1.0.0",
        "is-decimal": "^1.0.0"
      }
    },
    "is-buffer": {
      "version": "2.0.4",
      "resolved": "https://registry.npmjs.org/is-buffer/-/is-buffer-2.0.4.tgz",
      "integrity": "sha512-Kq1rokWXOPXWuaMAqZiJW4XxsmD9zGx9q4aePabbn3qCRGedtH7Cm+zV8WETitMfu1wdh+Rvd6w5egwSngUX2A=="
    },
    "is-decimal": {
      "version": "1.0.3",
      "resolved": "https://registry.npmjs.org/is-decimal/-/is-decimal-1.0.3.tgz",
      "integrity": "sha512-bvLSwoDg2q6Gf+E2LEPiklHZxxiSi3XAh4Mav65mKqTfCO1HM3uBs24TjEH8iJX3bbDdLXKJXBTmGzuTUuAEjQ=="
    },
    "is-fullwidth-code-point": {
      "version": "3.0.0",
      "resolved": "https://registry.npmjs.org/is-fullwidth-code-point/-/is-fullwidth-code-point-3.0.0.tgz",
      "integrity": "sha512-zymm5+u+sCsSWyD9qNaejV3DFvhCKclKdizYaJUuHA83RLjb7nSuGnddCHGv0hk+KY7BMAlsWeK4Ueg6EV6XQg=="
    },
    "is-hexadecimal": {
      "version": "1.0.3",
      "resolved": "https://registry.npmjs.org/is-hexadecimal/-/is-hexadecimal-1.0.3.tgz",
      "integrity": "sha512-zxQ9//Q3D/34poZf8fiy3m3XVpbQc7ren15iKqrTtLPwkPD/t3Scy9Imp63FujULGxuK0ZlCwoo5xNpktFgbOA=="
    },
    "is-plain-obj": {
      "version": "2.0.0",
      "resolved": "https://registry.npmjs.org/is-plain-obj/-/is-plain-obj-2.0.0.tgz",
      "integrity": "sha512-EYisGhpgSCwspmIuRHGjROWTon2Xp8Z7U03Wubk/bTL5TTRC5R1rGVgyjzBrk9+ULdH6cRD06KRcw/xfqhVYKQ=="
    },
    "is-whitespace-character": {
      "version": "1.0.3",
      "resolved": "https://registry.npmjs.org/is-whitespace-character/-/is-whitespace-character-1.0.3.tgz",
      "integrity": "sha512-SNPgMLz9JzPccD3nPctcj8sZlX9DAMJSKH8bP7Z6bohCwuNgX8xbWr1eTAYXX9Vpi/aSn8Y1akL9WgM3t43YNQ=="
    },
    "is-word-character": {
      "version": "1.0.3",
      "resolved": "https://registry.npmjs.org/is-word-character/-/is-word-character-1.0.3.tgz",
      "integrity": "sha512-0wfcrFgOOOBdgRNT9H33xe6Zi6yhX/uoc4U8NBZGeQQB0ctU1dnlNTyL9JM2646bHDTpsDm1Brb3VPoCIMrd/A=="
    },
    "lowlight": {
      "version": "1.12.1",
      "resolved": "https://registry.npmjs.org/lowlight/-/lowlight-1.12.1.tgz",
      "integrity": "sha512-OqaVxMGIESnawn+TU/QMV5BJLbUghUfjDWPAtFqDYDmDtr4FnB+op8xM+pR7nKlauHNUHXGt0VgWatFB8voS5w==",
      "requires": {
        "fault": "^1.0.2",
        "highlight.js": "~9.15.0"
      }
    },
    "markdown-escapes": {
      "version": "1.0.3",
      "resolved": "https://registry.npmjs.org/markdown-escapes/-/markdown-escapes-1.0.3.tgz",
      "integrity": "sha512-XUi5HJhhV5R74k8/0H2oCbCiYf/u4cO/rX8tnGkRvrqhsr5BRNU6Mg0yt/8UIx1iIS8220BNJsDb7XnILhLepw=="
    },
    "mdast-util-definitions": {
      "version": "1.2.4",
      "resolved": "https://registry.npmjs.org/mdast-util-definitions/-/mdast-util-definitions-1.2.4.tgz",
      "integrity": "sha512-HfUArPog1j4Z78Xlzy9Q4aHLnrF/7fb57cooTHypyGoe2XFNbcx/kWZDoOz+ra8CkUzvg3+VHV434yqEd1DRmA==",
      "requires": {
        "unist-util-visit": "^1.0.0"
      }
    },
    "mdast-util-to-hast": {
      "version": "6.0.2",
      "resolved": "https://registry.npmjs.org/mdast-util-to-hast/-/mdast-util-to-hast-6.0.2.tgz",
      "integrity": "sha512-GjcOimC9qHI0yNFAQdBesrZXzUkRdFleQlcoU8+TVNfDW6oLUazUx8MgUoTaUyCJzBOnE5AOgqhpURrSlf0QwQ==",
      "requires": {
        "collapse-white-space": "^1.0.0",
        "detab": "^2.0.0",
        "mdast-util-definitions": "^1.2.0",
        "mdurl": "^1.0.1",
        "trim": "0.0.1",
        "trim-lines": "^1.0.0",
        "unist-builder": "^1.0.1",
        "unist-util-generated": "^1.1.0",
        "unist-util-position": "^3.0.0",
        "unist-util-visit": "^1.1.0",
        "xtend": "^4.0.1"
      }
    },
    "mdurl": {
      "version": "1.0.1",
      "resolved": "https://registry.npmjs.org/mdurl/-/mdurl-1.0.1.tgz",
      "integrity": "sha1-/oWy7HWlkDfyrf7BAP1sYBdhFS4="
    },
    "object-assign": {
      "version": "4.1.1",
      "resolved": "https://registry.npmjs.org/object-assign/-/object-assign-4.1.1.tgz",
      "integrity": "sha1-IQmtx5ZYh8/AXLvUQsrIv7s2CGM="
    },
    "once": {
      "version": "1.4.0",
      "resolved": "https://registry.npmjs.org/once/-/once-1.4.0.tgz",
      "integrity": "sha1-WDsap3WWHUsROsF9nFC6753Xa9E=",
      "requires": {
        "wrappy": "1"
      }
    },
    "parse-entities": {
      "version": "1.2.2",
      "resolved": "https://registry.npmjs.org/parse-entities/-/parse-entities-1.2.2.tgz",
      "integrity": "sha512-NzfpbxW/NPrzZ/yYSoQxyqUZMZXIdCfE0OIN4ESsnptHJECoUk3FZktxNuzQf4tjt5UEopnxpYJbvYuxIFDdsg==",
      "requires": {
        "character-entities": "^1.0.0",
        "character-entities-legacy": "^1.0.0",
        "character-reference-invalid": "^1.0.0",
        "is-alphanumerical": "^1.0.0",
        "is-decimal": "^1.0.0",
        "is-hexadecimal": "^1.0.0"
      }
    },
    "parse5": {
      "version": "5.1.0",
      "resolved": "https://registry.npmjs.org/parse5/-/parse5-5.1.0.tgz",
      "integrity": "sha512-fxNG2sQjHvlVAYmzBZS9YlDp6PTSSDwa98vkD4QgVDDCAo84z5X1t5XyJQ62ImdLXx5NdIIfihey6xpum9/gRQ=="
    },
    "property-information": {
      "version": "5.3.0",
      "resolved": "https://registry.npmjs.org/property-information/-/property-information-5.3.0.tgz",
      "integrity": "sha512-IslotQn1hBCZDY7SaJ3zmCjVea219VTwmOk6Pu3z9haU9m4+T8GwaDubur+6NMHEU+Fjs/6/p66z6QULPkcL1w==",
      "requires": {
        "xtend": "^4.0.1"
      }
    },
    "rehype": {
      "version": "9.0.0",
      "resolved": "https://registry.npmjs.org/rehype/-/rehype-9.0.0.tgz",
      "integrity": "sha512-JVwXi7jTBKQfktHfj8Rke6/ZKJMbup/RFzKRwCeio/sEcmwGpV8dWXOCkrM70ZO6zTnHhA7K5ReOiAWCPRbfog==",
      "requires": {
        "rehype-parse": "^6.0.0",
        "rehype-stringify": "^6.0.0",
        "unified": "^8.0.0"
      }
    },
    "rehype-decorate": {
      "version": "1.0.0-rc.5",
      "resolved": "https://registry.npmjs.org/rehype-decorate/-/rehype-decorate-1.0.0-rc.5.tgz",
      "integrity": "sha512-2WoU+B+ZOSeQcVWRXkni0jTU0vCKZAjtVzBDckuUmvw0Qx2/qetD1VfDI9zDXqDq+znIuaSbON0tUXGiuPO7iQ=="
    },
    "rehype-document": {
      "version": "3.0.1",
      "resolved": "https://registry.npmjs.org/rehype-document/-/rehype-document-3.0.1.tgz",
      "integrity": "sha512-+nak0If9I4zKvgDILFDMnrvZn9yKIdhQ2ia0noYgQxGjSLK5RAueJoelHzxKB/3yiIvY1c9k6XGNN6iAQB/bhQ==",
      "requires": {
        "doctype": "^2.0.0",
        "hastscript": "^5.0.0",
        "unist-builder": "^1.0.1"
      }
    },
    "rehype-format": {
      "version": "3.0.0",
      "resolved": "https://registry.npmjs.org/rehype-format/-/rehype-format-3.0.0.tgz",
      "integrity": "sha512-NOt2zPE1++TdhxccKvn4B34UTT9rETxgpc9/c3gRMwn6nVCPY1cM7bAEtAeEuOuMAlgBO9QuvpdncwbzTxgUoA==",
      "requires": {
        "hast-util-embedded": "^1.0.1",
        "hast-util-phrasing": "^1.0.0",
        "html-whitespace-sensitive-tag-names": "^1.0.0",
        "rehype-minify-whitespace": "^3.0.0",
        "repeat-string": "^1.5.4",
        "unist-util-visit-parents": "^3.0.0"
      }
    },
    "rehype-highlight": {
      "version": "3.0.0",
      "resolved": "https://registry.npmjs.org/rehype-highlight/-/rehype-highlight-3.0.0.tgz",
      "integrity": "sha512-S9QEau1ooZxlxrW80Dg81gljpCKLIXHB4OmkbQb1p6I0IA5dWB6SgO6jOvmFvOY2krQqXDEhSJaeD9I7Znul5g==",
      "requires": {
        "hast-util-to-text": "^1.0.0",
        "lowlight": "^1.10.0",
        "unist-util-visit": "^1.1.0"
      }
    },
    "rehype-minify-whitespace": {
      "version": "3.0.0",
      "resolved": "https://registry.npmjs.org/rehype-minify-whitespace/-/rehype-minify-whitespace-3.0.0.tgz",
      "integrity": "sha512-Z5NIG9FxTeK2Ta+eTWCnTVPXu1qC58eCXZA3m/Z7PPinKw82KSR+12c2l1sLLSg27QZOmZrrd9piS8dsAVfliQ==",
      "requires": {
        "collapse-white-space": "^1.0.0",
        "hast-util-embedded": "^1.0.0",
        "hast-util-has-property": "^1.0.0",
        "hast-util-is-body-ok-link": "^1.0.0",
        "hast-util-is-element": "^1.0.0",
        "html-whitespace-sensitive-tag-names": "^1.0.0",
        "unist-util-is": "^4.0.0",
        "unist-util-modify-children": "^1.0.0"
      },
      "dependencies": {
        "unist-util-is": {
          "version": "4.0.0",
          "resolved": "https://registry.npmjs.org/unist-util-is/-/unist-util-is-4.0.0.tgz",
          "integrity": "sha512-E5JLUKRQlAYiJmN2PVBdSz01R3rUKRSM00X+0DB/yLqxdLu6wZZkRdTIsxDp9X+bkxh8Eq+O2YYRbZvLZtQT1A=="
        }
      }
    },
    "rehype-parse": {
      "version": "6.0.1",
      "resolved": "https://registry.npmjs.org/rehype-parse/-/rehype-parse-6.0.1.tgz",
      "integrity": "sha512-FrGSbOzcGxIvWty1qHjKTvHT4WBTt7C6JLs65EkvFPa7ZKraSmsoDDj6al1eBxaXS1t/kiGdPYazUe58Mgflgw==",
      "requires": {
        "hast-util-from-parse5": "^5.0.0",
        "parse5": "^5.0.0",
        "xtend": "^4.0.1"
      }
    },
    "rehype-raw": {
      "version": "4.0.1",
      "resolved": "https://registry.npmjs.org/rehype-raw/-/rehype-raw-4.0.1.tgz",
      "integrity": "sha512-g74dPCUWeB9EBfTfGF3lGOHSnZwFwN1ssc3Je9OwQO9f8yTkkAIrMqUVxT34h8zpi4ICU051tTLBZbOrzRWpxg==",
      "requires": {
        "hast-util-raw": "^5.0.0"
      }
    },
    "rehype-stringify": {
      "version": "6.0.0",
      "resolved": "https://registry.npmjs.org/rehype-stringify/-/rehype-stringify-6.0.0.tgz",
      "integrity": "sha512-grV/hhA7z9GbUJZk0ILzprSE0YY9lvTmYuvgRjXdFXrrag5gNeqXBQIuG1m4zFW6PFm0YYnJ/qgf5y6yui4VsA==",
      "requires": {
        "hast-util-to-html": "^6.0.0",
        "xtend": "^4.0.1"
      }
    },
    "remark-parse": {
      "version": "7.0.1",
      "resolved": "https://registry.npmjs.org/remark-parse/-/remark-parse-7.0.1.tgz",
      "integrity": "sha512-WOZLa545jYXtSy+txza6ACudKWByQac4S2DmGk+tAGO/3XnVTOxwyCIxB7nTcLlk8Aayhcuf3cV1WV6U6L7/DQ==",
      "requires": {
        "collapse-white-space": "^1.0.2",
        "is-alphabetical": "^1.0.0",
        "is-decimal": "^1.0.0",
        "is-whitespace-character": "^1.0.0",
        "is-word-character": "^1.0.0",
        "markdown-escapes": "^1.0.0",
        "parse-entities": "^1.1.0",
        "repeat-string": "^1.5.4",
        "state-toggle": "^1.0.0",
        "trim": "0.0.1",
        "trim-trailing-lines": "^1.0.0",
        "unherit": "^1.0.4",
        "unist-util-remove-position": "^1.0.0",
        "vfile-location": "^2.0.0",
        "xtend": "^4.0.1"
      }
    },
    "remark-rehype": {
      "version": "5.0.0",
      "resolved": "https://registry.npmjs.org/remark-rehype/-/remark-rehype-5.0.0.tgz",
      "integrity": "sha512-tgo+AeOotuh9FnGMkEPbE6C3OfdARqqSxT0H/KNGAiTwJLiDoRSm6x/ytqPZTyYSiQ/exbi/kx7k6uUvqYL1wQ==",
      "requires": {
        "mdast-util-to-hast": "^6.0.0"
      }
    },
    "repeat-string": {
      "version": "1.6.1",
      "resolved": "https://registry.npmjs.org/repeat-string/-/repeat-string-1.6.1.tgz",
      "integrity": "sha1-jcrkcOHIirwtYA//Sndihtp15jc="
    },
    "replace-ext": {
      "version": "1.0.0",
      "resolved": "https://registry.npmjs.org/replace-ext/-/replace-ext-1.0.0.tgz",
      "integrity": "sha1-3mMSg3P8v3w8z6TeWkgMRaZ5WOs="
    },
    "space-separated-tokens": {
      "version": "1.1.4",
      "resolved": "https://registry.npmjs.org/space-separated-tokens/-/space-separated-tokens-1.1.4.tgz",
      "integrity": "sha512-UyhMSmeIqZrQn2UdjYpxEkwY9JUrn8pP+7L4f91zRzOQuI8MF1FGLfYU9DKCYeLdo7LXMxwrX5zKFy7eeeVHuA=="
    },
    "state-toggle": {
      "version": "1.0.2",
      "resolved": "https://registry.npmjs.org/state-toggle/-/state-toggle-1.0.2.tgz",
      "integrity": "sha512-8LpelPGR0qQM4PnfLiplOQNJcIN1/r2Gy0xKB2zKnIW2YzPMt2sR4I/+gtPjhN7Svh9kw+zqEg2SFwpBO9iNiw=="
    },
    "string-width": {
      "version": "4.1.0",
      "resolved": "https://registry.npmjs.org/string-width/-/string-width-4.1.0.tgz",
      "integrity": "sha512-NrX+1dVVh+6Y9dnQ19pR0pP4FiEIlUvdTGn8pw6CKTNq5sgib2nIhmUNT5TAmhWmvKr3WcxBcP3E8nWezuipuQ==",
      "requires": {
        "emoji-regex": "^8.0.0",
        "is-fullwidth-code-point": "^3.0.0",
        "strip-ansi": "^5.2.0"
      }
    },
    "stringify-entities": {
      "version": "2.0.0",
      "resolved": "https://registry.npmjs.org/stringify-entities/-/stringify-entities-2.0.0.tgz",
      "integrity": "sha512-fqqhZzXyAM6pGD9lky/GOPq6V4X0SeTAFBl0iXb/BzOegl40gpf/bV3QQP7zULNYvjr6+Dx8SCaDULjVoOru0A==",
      "requires": {
        "character-entities-html4": "^1.0.0",
        "character-entities-legacy": "^1.0.0",
        "is-alphanumerical": "^1.0.0",
        "is-decimal": "^1.0.2",
        "is-hexadecimal": "^1.0.0"
      }
    },
    "strip-ansi": {
      "version": "5.2.0",
      "resolved": "https://registry.npmjs.org/strip-ansi/-/strip-ansi-5.2.0.tgz",
      "integrity": "sha512-DuRs1gKbBqsMKIZlrffwlug8MHkcnpjs5VPmL1PAh+mA30U0DTotfDZ0d2UUsXpPmPmMMJ6W773MaA3J+lbiWA==",
      "requires": {
        "ansi-regex": "^4.1.0"
      }
    },
    "style-to-object": {
      "version": "0.2.3",
      "resolved": "https://registry.npmjs.org/style-to-object/-/style-to-object-0.2.3.tgz",
      "integrity": "sha512-1d/k4EY2N7jVLOqf2j04dTc37TPOv/hHxZmvpg8Pdh8UYydxeu/C1W1U4vD8alzf5V2Gt7rLsmkr4dxAlDm9ng==",
      "requires": {
        "inline-style-parser": "0.1.1"
      }
    },
    "supports-color": {
      "version": "6.1.0",
      "resolved": "https://registry.npmjs.org/supports-color/-/supports-color-6.1.0.tgz",
      "integrity": "sha512-qe1jfm1Mg7Nq/NSh6XE24gPXROEVsWHxC1LIx//XNlD9iw7YZQGjZNjYN7xGaEG6iKdA8EtNFW6R0gjnVXp+wQ==",
      "requires": {
        "has-flag": "^3.0.0"
      }
    },
    "trim": {
      "version": "0.0.1",
      "resolved": "https://registry.npmjs.org/trim/-/trim-0.0.1.tgz",
      "integrity": "sha1-WFhUf2spB1fulczMZm+1AITEYN0="
    },
    "trim-lines": {
      "version": "1.1.2",
      "resolved": "https://registry.npmjs.org/trim-lines/-/trim-lines-1.1.2.tgz",
      "integrity": "sha512-3GOuyNeTqk3FAqc3jOJtw7FTjYl94XBR5aD9QnDbK/T4CA9sW/J0l9RoaRPE9wyPP7NF331qnHnvJFBJ+IDkmQ=="
    },
    "trim-trailing-lines": {
      "version": "1.1.2",
      "resolved": "https://registry.npmjs.org/trim-trailing-lines/-/trim-trailing-lines-1.1.2.tgz",
      "integrity": "sha512-MUjYItdrqqj2zpcHFTkMa9WAv4JHTI6gnRQGPFLrt5L9a6tRMiDnIqYl8JBvu2d2Tc3lWJKQwlGCp0K8AvCM+Q=="
    },
    "trough": {
      "version": "1.0.4",
      "resolved": "https://registry.npmjs.org/trough/-/trough-1.0.4.tgz",
      "integrity": "sha512-tdzBRDGWcI1OpPVmChbdSKhvSVurznZ8X36AYURAcl+0o2ldlCY2XPzyXNNxwJwwyIU+rIglTCG4kxtNKBQH7Q=="
    },
    "unherit": {
      "version": "1.1.2",
      "resolved": "https://registry.npmjs.org/unherit/-/unherit-1.1.2.tgz",
      "integrity": "sha512-W3tMnpaMG7ZY6xe/moK04U9fBhi6wEiCYHUW5Mop/wQHf12+79EQGwxYejNdhEz2mkqkBlGwm7pxmgBKMVUj0w==",
      "requires": {
        "inherits": "^2.0.1",
        "xtend": "^4.0.1"
      }
    },
    "unified": {
      "version": "8.4.1",
      "resolved": "https://registry.npmjs.org/unified/-/unified-8.4.1.tgz",
      "integrity": "sha512-YPj/uIIZSO7mMIZQj/5Z3hDl4lshWYRQGs5TgUCjHTVdklUWH+O94mK5Cy77SEcmEUwGhnUcudMuH/zIwporqw==",
      "requires": {
        "bail": "^1.0.0",
        "extend": "^3.0.0",
        "is-plain-obj": "^2.0.0",
        "trough": "^1.0.0",
        "vfile": "^4.0.0"
      }
    },
    "unified-stream": {
      "version": "1.0.5",
      "resolved": "https://registry.npmjs.org/unified-stream/-/unified-stream-1.0.5.tgz",
      "integrity": "sha512-f9FBfodbh/ExFos/Ep8huePamJeoY6FsXYyH11U6ryWQEgpAMd22j8ej9GqL4k0H/NIhrJIDPl2EfdrG14jhQQ==",
      "requires": {
        "once": "^1.4.0"
      }
    },
    "unist-builder": {
      "version": "1.0.4",
      "resolved": "https://registry.npmjs.org/unist-builder/-/unist-builder-1.0.4.tgz",
      "integrity": "sha512-v6xbUPP7ILrT15fHGrNyHc1Xda8H3xVhP7/HAIotHOhVPjH5dCXA097C3Rry1Q2O+HbOLCao4hfPB+EYEjHgVg==",
      "requires": {
        "object-assign": "^4.1.0"
      }
    },
    "unist-util-find-after": {
      "version": "2.0.4",
      "resolved": "https://registry.npmjs.org/unist-util-find-after/-/unist-util-find-after-2.0.4.tgz",
      "integrity": "sha512-zo0ShIr+E/aU9xSK7JC9Kb+WP9seTFCuqVYdo5+HJSjN009XMfhiA1FIExEKzdDP1UsgvKGleGlB/pSdTSqZww==",
      "requires": {
        "unist-util-is": "^3.0.0"
      }
    },
    "unist-util-generated": {
      "version": "1.1.4",
      "resolved": "https://registry.npmjs.org/unist-util-generated/-/unist-util-generated-1.1.4.tgz",
      "integrity": "sha512-SA7Sys3h3X4AlVnxHdvN/qYdr4R38HzihoEVY2Q2BZu8NHWDnw5OGcC/tXWjQfd4iG+M6qRFNIRGqJmp2ez4Ww=="
    },
    "unist-util-is": {
      "version": "3.0.0",
      "resolved": "https://registry.npmjs.org/unist-util-is/-/unist-util-is-3.0.0.tgz",
      "integrity": "sha512-sVZZX3+kspVNmLWBPAB6r+7D9ZgAFPNWm66f7YNb420RlQSbn+n8rG8dGZSkrER7ZIXGQYNm5pqC3v3HopH24A=="
    },
    "unist-util-modify-children": {
      "version": "1.1.4",
      "resolved": "https://registry.npmjs.org/unist-util-modify-children/-/unist-util-modify-children-1.1.4.tgz",
      "integrity": "sha512-8iey9wkoB62C7Vi/8zcRUmi4b1f5AYKTwMkyEgLduo2D8+OY65RoSvbn6k9tVNri6qumXxAwXDVlXWQi0sENTw==",
      "requires": {
        "array-iterate": "^1.0.0"
      }
    },
    "unist-util-position": {
      "version": "3.0.3",
      "resolved": "https://registry.npmjs.org/unist-util-position/-/unist-util-position-3.0.3.tgz",
      "integrity": "sha512-28EpCBYFvnMeq9y/4w6pbnFmCUfzlsc41NJui5c51hOFjBA1fejcwc+5W4z2+0ECVbScG3dURS3JTVqwenzqZw=="
    },
    "unist-util-remove-position": {
      "version": "1.1.3",
      "resolved": "https://registry.npmjs.org/unist-util-remove-position/-/unist-util-remove-position-1.1.3.tgz",
      "integrity": "sha512-CtszTlOjP2sBGYc2zcKA/CvNdTdEs3ozbiJ63IPBxh8iZg42SCCb8m04f8z2+V1aSk5a7BxbZKEdoDjadmBkWA==",
      "requires": {
        "unist-util-visit": "^1.1.0"
      }
    },
    "unist-util-stringify-position": {
      "version": "2.0.1",
      "resolved": "https://registry.npmjs.org/unist-util-stringify-position/-/unist-util-stringify-position-2.0.1.tgz",
      "integrity": "sha512-Zqlf6+FRI39Bah8Q6ZnNGrEHUhwJOkHde2MHVk96lLyftfJJckaPslKgzhVcviXj8KcE9UJM9F+a4JEiBUTYgA==",
      "requires": {
        "@types/unist": "^2.0.2"
      }
    },
    "unist-util-visit": {
      "version": "1.4.1",
      "resolved": "https://registry.npmjs.org/unist-util-visit/-/unist-util-visit-1.4.1.tgz",
      "integrity": "sha512-AvGNk7Bb//EmJZyhtRUnNMEpId/AZ5Ph/KUpTI09WHQuDZHKovQ1oEv3mfmKpWKtoMzyMC4GLBm1Zy5k12fjIw==",
      "requires": {
        "unist-util-visit-parents": "^2.0.0"
      },
      "dependencies": {
        "unist-util-visit-parents": {
          "version": "2.1.2",
          "resolved": "https://registry.npmjs.org/unist-util-visit-parents/-/unist-util-visit-parents-2.1.2.tgz",
          "integrity": "sha512-DyN5vD4NE3aSeB+PXYNKxzGsfocxp6asDc2XXE3b0ekO2BaRUpBicbbUygfSvYfUz1IkmjFR1YF7dPklraMZ2g==",
          "requires": {
            "unist-util-is": "^3.0.0"
          }
        }
      }
    },
    "unist-util-visit-parents": {
      "version": "3.0.0",
      "resolved": "https://registry.npmjs.org/unist-util-visit-parents/-/unist-util-visit-parents-3.0.0.tgz",
      "integrity": "sha512-H3K8d81S4V3XVXVwLvrLGk+R5VILryfUotD06/R/rLsTsPLGjkn6gIP8qEEVITcuIySNYj0ocJLsePjm9F/Vcg==",
      "requires": {
        "@types/unist": "^2.0.3",
        "unist-util-is": "^4.0.0"
      },
      "dependencies": {
        "unist-util-is": {
          "version": "4.0.0",
          "resolved": "https://registry.npmjs.org/unist-util-is/-/unist-util-is-4.0.0.tgz",
          "integrity": "sha512-E5JLUKRQlAYiJmN2PVBdSz01R3rUKRSM00X+0DB/yLqxdLu6wZZkRdTIsxDp9X+bkxh8Eq+O2YYRbZvLZtQT1A=="
        }
      }
    },
    "vfile": {
      "version": "4.0.1",
      "resolved": "https://registry.npmjs.org/vfile/-/vfile-4.0.1.tgz",
      "integrity": "sha512-lRHFCuC4SQBFr7Uq91oJDJxlnftoTLQ7eKIpMdubhYcVMho4781a8MWXLy3qZrZ0/STD1kRiKc0cQOHm4OkPeA==",
      "requires": {
        "@types/unist": "^2.0.0",
        "is-buffer": "^2.0.0",
        "replace-ext": "1.0.0",
        "unist-util-stringify-position": "^2.0.0",
        "vfile-message": "^2.0.0"
      }
    },
    "vfile-location": {
      "version": "2.0.5",
      "resolved": "https://registry.npmjs.org/vfile-location/-/vfile-location-2.0.5.tgz",
      "integrity": "sha512-Pa1ey0OzYBkLPxPZI3d9E+S4BmvfVwNAAXrrqGbwTVXWaX2p9kM1zZ+n35UtVM06shmWKH4RPRN8KI80qE3wNQ=="
    },
    "vfile-message": {
      "version": "2.0.1",
      "resolved": "https://registry.npmjs.org/vfile-message/-/vfile-message-2.0.1.tgz",
      "integrity": "sha512-KtasSV+uVU7RWhUn4Lw+wW1Zl/nW8JWx7JCPps10Y9JRRIDeDXf8wfBLoOSsJLyo27DqMyAi54C6Jf/d6Kr2Bw==",
      "requires": {
        "@types/unist": "^2.0.2",
        "unist-util-stringify-position": "^2.0.0"
      }
    },
    "vfile-reporter": {
      "version": "6.0.0",
      "resolved": "https://registry.npmjs.org/vfile-reporter/-/vfile-reporter-6.0.0.tgz",
      "integrity": "sha512-8Is0XxFxWJUhPJdOg3CyZTqd3ICCWg6r304PuBl818ZG91h4FMS3Q+lrOPS+cs5/DZK3H0+AkJdH0J8JEwKtDA==",
      "requires": {
        "repeat-string": "^1.5.0",
        "string-width": "^4.0.0",
        "supports-color": "^6.0.0",
        "unist-util-stringify-position": "^2.0.0",
        "vfile-sort": "^2.1.2",
        "vfile-statistics": "^1.1.0"
      }
    },
    "vfile-sort": {
      "version": "2.2.1",
      "resolved": "https://registry.npmjs.org/vfile-sort/-/vfile-sort-2.2.1.tgz",
      "integrity": "sha512-5dt7xEhC44h0uRQKhbM2JAe0z/naHphIZlMOygtMBM9Nn0pZdaX5fshhwWit9wvsuP8t/wp43nTDRRErO1WK8g=="
    },
    "vfile-statistics": {
      "version": "1.1.3",
      "resolved": "https://registry.npmjs.org/vfile-statistics/-/vfile-statistics-1.1.3.tgz",
      "integrity": "sha512-CstaK/ebTz1W3Qp41Bt9Lj/2DmumFsCwC2sKahDNSPh0mPh7/UyMLCoU8ZBX34CRU0d61B4W41yIFsV0NKMZeA=="
    },
    "web-namespaces": {
      "version": "1.1.3",
      "resolved": "https://registry.npmjs.org/web-namespaces/-/web-namespaces-1.1.3.tgz",
      "integrity": "sha512-r8sAtNmgR0WKOKOxzuSgk09JsHlpKlB+uHi937qypOu3PZ17UxPrierFKDye/uNHjNTTEshu5PId8rojIPj/tA=="
    },
    "wrappy": {
      "version": "1.0.2",
      "resolved": "https://registry.npmjs.org/wrappy/-/wrappy-1.0.2.tgz",
      "integrity": "sha1-tSQ9jz7BqjXxNkYFvA0QNuMKtp8="
    },
    "xtend": {
      "version": "4.0.2",
      "resolved": "https://registry.npmjs.org/xtend/-/xtend-4.0.2.tgz",
      "integrity": "sha512-LKYU1iAXJXUgAXn9URjiu+MWhyUXHsvfp7mcuYm9dSUKK0/CjtrUwFAxD82/mCWbtLsGjFIad0wIsod4zrTAEQ=="
    },
    "zwitch": {
      "version": "1.0.4",
      "resolved": "https://registry.npmjs.org/zwitch/-/zwitch-1.0.4.tgz",
      "integrity": "sha512-YO803/X+13GNaZB7fVopjvHH0uWQKgJkgKnU1YCjxShjKGVuN9PPHHW8g+uFDpkHpSTNi3rCMKMewIcbC1BAYg=="
    }
  }
}
